
Microsoft Visual Studio Solution File, Format Version 12.00
# Visual Studio Version 16
VisualStudioVersion = 16.0.31729.503
MinimumVisualStudioVersion = 10.0.40219.1
Project("{FAE04EC0-301F-11D3-BF4B-00C04F79EFBC}") = "SimpleDapperExample", "SimpleDapperExample\SimpleDapperExample.csproj", "{DE7B1B3A-4D8C-413F-9800-E93F8038A4E2}"
EndProject
Project("{FAE04EC0-301F-11D3-BF4B-00C04F79EFBC}") = "DapperWebApi", "DapperWebApi\DapperWebApi.csproj", "{BD3D2255-1C5E-4371-85D2-AAE16865CB3A}"
EndProject
Project("{2150E333-8FDC-42A3-9474-1A3956D46DE8}") = "Solution Items", "Solution Items", "{E6B500DC-8C2A-4318-B22C-01E549B16FBB}"
	ProjectSection(SolutionItems) = preProject
		ReadMe.txt = ReadMe.txt
	EndProjectSection
EndProject
Global
	GlobalSection(SolutionConfigurationPlatforms) = preSolution
		Debug|Any CPU = Debug|Any CPU
		Release|Any CPU = Release|Any CPU
	EndGlobalSection
	GlobalSection(ProjectConfigurationPlatforms) = postSolution
		{DE7B1B3A-4D8C-413F-9800-E93F8038A4E2}.Debug|Any CPU.ActiveCfg = Debug|Any CPU
		{DE7B1B3A-4D8C-413F-9800-E93F8038A4E2}.Debug|Any CPU.Build.0 = Debug|Any CPU
		{DE7B1B3A-4D8C-413F-9800-E93F8038A4E2}.Release|Any CPU.ActiveCfg = Release|Any CPU
		{DE7B1B3A-4D8C-413F-9800-E93F8038A4E2}.Release|Any CPU.Build.0 = Release|Any CPU
		{BD3D2255-1C5E-4371-85D2-AAE16865CB3A}.Debug|Any CPU.ActiveCfg = Debug|Any CPU
		{BD3D2255-1C5E-4371-85D2-AAE16865CB3A}.Debug|Any CPU.Build.0 = Debug|Any CPU
		{BD3D2255-1C5E-4371-85D2-AAE16865CB3A}.Release|Any CPU.ActiveCfg = Release|Any CPU
		{BD3D2255-1C5E-4371-85D2-AAE16865CB3A}.Release|Any CPU.Build.0 = Release|Any CPU
	EndGlobalSection
	GlobalSection(SolutionProperties) = preSolution
		HideSolutionNode = FALSE
	EndGlobalSection
	GlobalSection(ExtensibilityGlobals) = postSolution
		SolutionGuid = {FD0237E0-E686-4B47-A7C6-C2515FE740F5}
	EndGlobalSection
EndGlobal
